
Microsoft Visual Studio Solution File, Format Version 12.00
# Visual Studio 14
VisualStudioVersion = 14.0.25420.1
MinimumVisualStudioVersion = 10.0.40219.1
Project("{8BC9CEB8-8B4A-11D0-8D11-00A0C91BC942}") = "current", "current.vcxproj", "{23E98D30-5CE4-4EFE-8F67-223E8FDED3BA}"
EndProject
Global
	GlobalSection(SolutionConfigurationPlatforms) = preSolution
		Debug|$ARCH$ = Debug|$ARCH$
	EndGlobalSection
	GlobalSection(ProjectConfigurationPlatforms) = postSolution
		{23E98D30-5CE4-4EFE-8F67-223E8FDED3BA}.Debug|$ARCH$.ActiveCfg = Debug|$ARCH$
		{23E98D30-5CE4-4EFE-8F67-223E8FDED3BA}.Debug|$ARCH$.Build.0 = Debug|$ARCH$
	EndGlobalSection
	GlobalSection(SolutionProperties) = preSolution
		HideSolutionNode = FALSE
	EndGlobalSection
EndGlobal
